Microsoft Visual Studio Solution File, Format Version 12.00
# Visual Studio Version 17
VisualStudioVersion = 17.5.2.0
MinimumVisualStudioVersion = 10.0.40219.1
Project("{2150E333-8FDC-42A3-9474-1A3956D46DE8}") = "Gamestore", "Gamestore", "{394DE699-B583-E3C1-031E-A267CECF6609}"
EndProject
Project("{FAE04EC0-301F-11D3-BF4B-00C04F79EFBC}") = "Gamestore.Application", "Gamestore\Gamestore.Application\Gamestore.Application.csproj", "{7DC7EDD1-3903-D5DD-202F-07E19CDFCC6C}"
EndProject
Project("{FAE04EC0-301F-11D3-BF4B-00C04F79EFBC}") = "Gamestore.Application.Tests", "Gamestore\Gamestore.Application.Tests\Gamestore.Application.Tests.csproj", "{BA4FC7C6-DD00-A6FF-CC85-4DB8A4F7DA86}"
EndProject
Project("{FAE04EC0-301F-11D3-BF4B-00C04F79EFBC}") = "Gamestore.DataAccess", "Gamestore\Gamestore.DataAccess\Gamestore.DataAccess.csproj", "{546B0F78-4D94-BA0C-E0B0-7F8350388169}"
EndProject
Project("{FAE04EC0-301F-11D3-BF4B-00C04F79EFBC}") = "Gamestore.DataAccess.Northwind", "Gamestore\Gamestore.DataAccess.Northwind\Gamestore.DataAccess.Northwind.csproj", "{81816C40-7672-4ADF-6A0C-DCA8D19A0942}"
EndProject
Project("{FAE04EC0-301F-11D3-BF4B-00C04F79EFBC}") = "Gamestore.DataAccess.Tests", "Gamestore\Gamestore.DataAccess.Tests\Gamestore.DataAccess.Tests.csproj", "{E43ECB04-682B-7C37-7947-0FF82EE03705}"
EndProject
Project("{FAE04EC0-301F-11D3-BF4B-00C04F79EFBC}") = "Gamestore.Domain", "Gamestore\Gamestore.Domain\Gamestore.Domain.csproj", "{6D0A4AA5-6F6C-D0BE-4960-6554049FB9F0}"
EndProject
Project("{FAE04EC0-301F-11D3-BF4B-00C04F79EFBC}") = "Gamestore.Domain.Tests", "Gamestore\Gamestore.Domain.Tests\Gamestore.Domain.Tests.csproj", "{02045754-10AD-C19E-A614-7863A9CEA2DF}"
EndProject
Project("{FAE04EC0-301F-11D3-BF4B-00C04F79EFBC}") = "Gamestore.Infrastructure", "Gamestore\Gamestore.Infrastructure\Gamestore.Infrastructure.csproj", "{4AE12CA4-1B1A-B63F-B6F9-810547BF9C9E}"
EndProject
Project("{FAE04EC0-301F-11D3-BF4B-00C04F79EFBC}") = "Gamestore.WebApi", "Gamestore\Gamestore.WebApi\Gamestore.WebApi.csproj", "{6BDE04C5-FAAF-D2A3-8763-14A1CEBD6D8E}"
EndProject
Project("{FAE04EC0-301F-11D3-BF4B-00C04F79EFBC}") = "Gamestore.WebApi.Tests", "Gamestore\Gamestore.WebApi.Tests\Gamestore.WebApi.Tests.csproj", "{219002F3-EC2A-7EB5-619D-329E3901BD72}"
EndProject
Global
	GlobalSection(SolutionConfigurationPlatforms) = preSolution
		Debug|Any CPU = Debug|Any CPU
		Release|Any CPU = Release|Any CPU
	EndGlobalSection
	GlobalSection(ProjectConfigurationPlatforms) = postSolution
		{7DC7EDD1-3903-D5DD-202F-07E19CDFCC6C}.Debug|Any CPU.ActiveCfg = Debug|Any CPU
		{7DC7EDD1-3903-D5DD-202F-07E19CDFCC6C}.Debug|Any CPU.Build.0 = Debug|Any CPU
		{7DC7EDD1-3903-D5DD-202F-07E19CDFCC6C}.Release|Any CPU.ActiveCfg = Release|Any CPU
		{7DC7EDD1-3903-D5DD-202F-07E19CDFCC6C}.Release|Any CPU.Build.0 = Release|Any CPU
		{BA4FC7C6-DD00-A6FF-CC85-4DB8A4F7DA86}.Debug|Any CPU.ActiveCfg = Debug|Any CPU
		{BA4FC7C6-DD00-A6FF-CC85-4DB8A4F7DA86}.Debug|Any CPU.Build.0 = Debug|Any CPU
		{BA4FC7C6-DD00-A6FF-CC85-4DB8A4F7DA86}.Release|Any CPU.ActiveCfg = Release|Any CPU
		{BA4FC7C6-DD00-A6FF-CC85-4DB8A4F7DA86}.Release|Any CPU.Build.0 = Release|Any CPU
		{546B0F78-4D94-BA0C-E0B0-7F8350388169}.Debug|Any CPU.ActiveCfg = Debug|Any CPU
		{546B0F78-4D94-BA0C-E0B0-7F8350388169}.Debug|Any CPU.Build.0 = Debug|Any CPU
		{546B0F78-4D94-BA0C-E0B0-7F8350388169}.Release|Any CPU.ActiveCfg = Release|Any CPU
		{546B0F78-4D94-BA0C-E0B0-7F8350388169}.Release|Any CPU.Build.0 = Release|Any CPU
		{81816C40-7672-4ADF-6A0C-DCA8D19A0942}.Debug|Any CPU.ActiveCfg = Debug|Any CPU
		{81816C40-7672-4ADF-6A0C-DCA8D19A0942}.Debug|Any CPU.Build.0 = Debug|Any CPU
		{81816C40-7672-4ADF-6A0C-DCA8D19A0942}.Release|Any CPU.ActiveCfg = Release|Any CPU
		{81816C40-7672-4ADF-6A0C-DCA8D19A0942}.Release|Any CPU.Build.0 = Release|Any CPU
		{E43ECB04-682B-7C37-7947-0FF82EE03705}.Debug|Any CPU.ActiveCfg = Debug|Any CPU
		{E43ECB04-682B-7C37-7947-0FF82EE03705}.Debug|Any CPU.Build.0 = Debug|Any CPU
		{E43ECB04-682B-7C37-7947-0FF82EE03705}.Release|Any CPU.ActiveCfg = Release|Any CPU
		{E43ECB04-682B-7C37-7947-0FF82EE03705}.Release|Any CPU.Build.0 = Release|Any CPU
		{6D0A4AA5-6F6C-D0BE-4960-6554049FB9F0}.Debug|Any CPU.ActiveCfg = Debug|Any CPU
		{6D0A4AA5-6F6C-D0BE-4960-6554049FB9F0}.Debug|Any CPU.Build.0 = Debug|Any CPU
		{6D0A4AA5-6F6C-D0BE-4960-6554049FB9F0}.Release|Any CPU.ActiveCfg = Release|Any CPU
		{6D0A4AA5-6F6C-D0BE-4960-6554049FB9F0}.Release|Any CPU.Build.0 = Release|Any CPU
		{02045754-10AD-C19E-A614-7863A9CEA2DF}.Debug|Any CPU.ActiveCfg = Debug|Any CPU
		{02045754-10AD-C19E-A614-7863A9CEA2DF}.Debug|Any CPU.Build.0 = Debug|Any CPU
		{02045754-10AD-C19E-A614-7863A9CEA2DF}.Release|Any CPU.ActiveCfg = Release|Any CPU
		{02045754-10AD-C19E-A614-7863A9CEA2DF}.Release|Any CPU.Build.0 = Release|Any CPU
		{4AE12CA4-1B1A-B63F-B6F9-810547BF9C9E}.Debug|Any CPU.ActiveCfg = Debug|Any CPU
		{4AE12CA4-1B1A-B63F-B6F9-810547BF9C9E}.Debug|Any CPU.Build.0 = Debug|Any CPU
		{4AE12CA4-1B1A-B63F-B6F9-810547BF9C9E}.Release|Any CPU.ActiveCfg = Release|Any CPU
		{4AE12CA4-1B1A-B63F-B6F9-810547BF9C9E}.Release|Any CPU.Build.0 = Release|Any CPU
		{6BDE04C5-FAAF-D2A3-8763-14A1CEBD6D8E}.Debug|Any CPU.ActiveCfg = Debug|Any CPU
		{6BDE04C5-FAAF-D2A3-8763-14A1CEBD6D8E}.Debug|Any CPU.Build.0 = Debug|Any CPU
		{6BDE04C5-FAAF-D2A3-8763-14A1CEBD6D8E}.Release|Any CPU.ActiveCfg = Release|Any CPU
		{6BDE04C5-FAAF-D2A3-8763-14A1CEBD6D8E}.Release|Any CPU.Build.0 = Release|Any CPU
		{219002F3-EC2A-7EB5-619D-329E3901BD72}.Debug|Any CPU.ActiveCfg = Debug|Any CPU
		{219002F3-EC2A-7EB5-619D-329E3901BD72}.Debug|Any CPU.Build.0 = Debug|Any CPU
		{219002F3-EC2A-7EB5-619D-329E3901BD72}.Release|Any CPU.ActiveCfg = Release|Any CPU
		{219002F3-EC2A-7EB5-619D-329E3901BD72}.Release|Any CPU.Build.0 = Release|Any CPU
	EndGlobalSection
	GlobalSection(SolutionProperties) = preSolution
		HideSolutionNode = FALSE
	EndGlobalSection
	GlobalSection(NestedProjects) = preSolution
		{7DC7EDD1-3903-D5DD-202F-07E19CDFCC6C} = {394DE699-B583-E3C1-031E-A267CECF6609}
		{BA4FC7C6-DD00-A6FF-CC85-4DB8A4F7DA86} = {394DE699-B583-E3C1-031E-A267CECF6609}
		{546B0F78-4D94-BA0C-E0B0-7F8350388169} = {394DE699-B583-E3C1-031E-A267CECF6609}
		{81816C40-7672-4ADF-6A0C-DCA8D19A0942} = {394DE699-B583-E3C1-031E-A267CECF6609}
		{E43ECB04-682B-7C37-7947-0FF82EE03705} = {394DE699-B583-E3C1-031E-A267CECF6609}
		{6D0A4AA5-6F6C-D0BE-4960-6554049FB9F0} = {394DE699-B583-E3C1-031E-A267CECF6609}
		{02045754-10AD-C19E-A614-7863A9CEA2DF} = {394DE699-B583-E3C1-031E-A267CECF6609}
		{4AE12CA4-1B1A-B63F-B6F9-810547BF9C9E} = {394DE699-B583-E3C1-031E-A267CECF6609}
		{6BDE04C5-FAAF-D2A3-8763-14A1CEBD6D8E} = {394DE699-B583-E3C1-031E-A267CECF6609}
		{219002F3-EC2A-7EB5-619D-329E3901BD72} = {394DE699-B583-E3C1-031E-A267CECF6609}
	EndGlobalSection
	GlobalSection(ExtensibilityGlobals) = postSolution
		SolutionGuid = {5500DFE6-AA32-496F-8FA6-E28FEC5FB740}
	EndGlobalSection
EndGlobal
