
Microsoft Visual Studio Solution File, Format Version 12.00
# Visual Studio Version 17
VisualStudioVersion = 17.0.31903.59
MinimumVisualStudioVersion = 10.0.40219.1
Project("{FAE04EC0-301F-11D3-BF4B-00C04F79EFBC}") = "Gamestore.WebApi", "Gamestore\Gamestore.WebApi\Gamestore.WebApi.csproj", "{D67D92FB-7484-42E1-8188-66A74FD47290}"
EndProject
Project("{FAE04EC0-301F-11D3-BF4B-00C04F79EFBC}") = "Gamestore.DataAccess", "Gamestore\Gamestore.DataAccess\Gamestore.DataAccess.csproj", "{0D17929F-28EC-46BE-A269-355F9583D0ED}"
EndProject
Project("{FAE04EC0-301F-11D3-BF4B-00C04F79EFBC}") = "Gamestore.Domain", "Gamestore\Gamestore.WebApi.Models\Gamestore.Domain.csproj", "{1F207499-E234-4639-8B5F-E4069263EFD8}"
EndProject
Project("{FAE04EC0-301F-11D3-BF4B-00C04F79EFBC}") = "GameStore.Application", "Gamestore\GameStore.Application\GameStore.Application.csproj", "{7DC7EDD1-3903-D5DD-202F-07E19CDFCC6C}"
EndProject
Project("{FAE04EC0-301F-11D3-BF4B-00C04F79EFBC}") = "Gamestore.Application.UnitTests", "Gamestore.Application.Tests\Gamestore.Application.UnitTests.csproj", "{DB46EC22-26AF-41F9-A066-69B0CA66D740}"
EndProject
Project("{2150E333-8FDC-42A3-9474-1A3956D46DE8}") = "Gamestore.Tests", "Gamestore.Tests", "{02EA681E-C7D8-13C7-8484-4AC65E1B71E8}"
EndProject
Project("{FAE04EC0-301F-11D3-BF4B-00C04F79EFBC}") = "Gamestore.WebApi.UnitTests", "Gamestore.WebApi.UnitTests\Gamestore.WebApi.UnitTests.csproj", "{4A503309-D993-435F-9047-327D2411F02F}"
EndProject
Global
	GlobalSection(SolutionConfigurationPlatforms) = preSolution
		Debug|Any CPU = Debug|Any CPU
		Release|Any CPU = Release|Any CPU
	EndGlobalSection
	GlobalSection(ProjectConfigurationPlatforms) = postSolution
		{D67D92FB-7484-42E1-8188-66A74FD47290}.Debug|Any CPU.ActiveCfg = Debug|Any CPU
		{D67D92FB-7484-42E1-8188-66A74FD47290}.Debug|Any CPU.Build.0 = Debug|Any CPU
		{D67D92FB-7484-42E1-8188-66A74FD47290}.Release|Any CPU.ActiveCfg = Release|Any CPU
		{D67D92FB-7484-42E1-8188-66A74FD47290}.Release|Any CPU.Build.0 = Release|Any CPU
		{0D17929F-28EC-46BE-A269-355F9583D0ED}.Debug|Any CPU.ActiveCfg = Debug|Any CPU
		{0D17929F-28EC-46BE-A269-355F9583D0ED}.Debug|Any CPU.Build.0 = Debug|Any CPU
		{0D17929F-28EC-46BE-A269-355F9583D0ED}.Release|Any CPU.ActiveCfg = Release|Any CPU
		{0D17929F-28EC-46BE-A269-355F9583D0ED}.Release|Any CPU.Build.0 = Release|Any CPU
		{1F207499-E234-4639-8B5F-E4069263EFD8}.Debug|Any CPU.ActiveCfg = Debug|Any CPU
		{1F207499-E234-4639-8B5F-E4069263EFD8}.Debug|Any CPU.Build.0 = Debug|Any CPU
		{1F207499-E234-4639-8B5F-E4069263EFD8}.Release|Any CPU.ActiveCfg = Release|Any CPU
		{1F207499-E234-4639-8B5F-E4069263EFD8}.Release|Any CPU.Build.0 = Release|Any CPU
		{7DC7EDD1-3903-D5DD-202F-07E19CDFCC6C}.Debug|Any CPU.ActiveCfg = Debug|Any CPU
		{7DC7EDD1-3903-D5DD-202F-07E19CDFCC6C}.Debug|Any CPU.Build.0 = Debug|Any CPU
		{7DC7EDD1-3903-D5DD-202F-07E19CDFCC6C}.Release|Any CPU.ActiveCfg = Release|Any CPU
		{7DC7EDD1-3903-D5DD-202F-07E19CDFCC6C}.Release|Any CPU.Build.0 = Release|Any CPU
		{DB46EC22-26AF-41F9-A066-69B0CA66D740}.Debug|Any CPU.ActiveCfg = Debug|Any CPU
		{DB46EC22-26AF-41F9-A066-69B0CA66D740}.Debug|Any CPU.Build.0 = Debug|Any CPU
		{DB46EC22-26AF-41F9-A066-69B0CA66D740}.Release|Any CPU.ActiveCfg = Release|Any CPU
		{DB46EC22-26AF-41F9-A066-69B0CA66D740}.Release|Any CPU.Build.0 = Release|Any CPU
		{4A503309-D993-435F-9047-327D2411F02F}.Debug|Any CPU.ActiveCfg = Debug|Any CPU
		{4A503309-D993-435F-9047-327D2411F02F}.Debug|Any CPU.Build.0 = Debug|Any CPU
		{4A503309-D993-435F-9047-327D2411F02F}.Release|Any CPU.ActiveCfg = Release|Any CPU
		{4A503309-D993-435F-9047-327D2411F02F}.Release|Any CPU.Build.0 = Release|Any CPU
	EndGlobalSection
	GlobalSection(SolutionProperties) = preSolution
		HideSolutionNode = FALSE
	EndGlobalSection
	GlobalSection(NestedProjects) = preSolution
		{DB46EC22-26AF-41F9-A066-69B0CA66D740} = {02EA681E-C7D8-13C7-8484-4AC65E1B71E8}
		{4A503309-D993-435F-9047-327D2411F02F} = {02EA681E-C7D8-13C7-8484-4AC65E1B71E8}
	EndGlobalSection
	GlobalSection(ExtensibilityGlobals) = postSolution
		SolutionGuid = {C82F5F6E-E169-4093-B97C-4A4FD04F84A2}
	EndGlobalSection
EndGlobal
